{
  "nodes": {
    "nixpkgs": {
      "locked": {
        "lastModified": 1,
        "narHash": "sha256-AAAAAAAAAAAAAAAAAAAAAAAAAAAAAAAAAAAAAAAAAAA=",
        "owner": "NixOS",
        "repo": "nixpkgs",
        "rev": "1111111111111111111111111111111111111111",
        "type": "github"
      }
    },
    "root": { "inputs": { "nixpkgs": "nixpkgs" } }
  },
  "root": "root",
  "version": 7
}
