{
  "version": 1,
  "inputs": {
    "nixpkgs": {
      "lastModified": 1,
      "narHash": "sha256-AAAAAAAAAAAAAAAAAAAAAAAAAAAAAAAAAAAAAAAAAAA=",
      "owner": "NixOS",
      "repo": "nixpkgs",
      "rev": "0000000000000000000000000000000000000000",
      "type": "github"
    }
  },
  "packages": {
    "x86_64-linux": {
      "locked-tool": {
        "attr": "hello",
        "drv": "/nix/store/00000000000000000000000000000000-not-a-real-recipe.drv",
        "output": "out",
        "bins": [ "locked-tool" ],
        "name": "locked-tool"
      }
    },
    "aarch64-linux": {
      "locked-tool": {
        "attr": "hello",
        "drv": "/nix/store/00000000000000000000000000000000-not-a-real-recipe.drv",
        "output": "out",
        "bins": [ "locked-tool" ],
        "name": "locked-tool"
      }
    },
    "x86_64-darwin": {
      "locked-tool": {
        "attr": "hello",
        "drv": "/nix/store/00000000000000000000000000000000-not-a-real-recipe.drv",
        "output": "out",
        "bins": [ "locked-tool" ],
        "name": "locked-tool"
      }
    },
    "aarch64-darwin": {
      "locked-tool": {
        "attr": "hello",
        "drv": "/nix/store/00000000000000000000000000000000-not-a-real-recipe.drv",
        "output": "out",
        "bins": [ "locked-tool" ],
        "name": "locked-tool"
      }
    }
  }
}
